
Microsoft Visual Studio Solution File, Format Version 12.00
# Visual Studio Version 16
VisualStudioVersion = 16.0.31424.327
MinimumVisualStudioVersion = 10.0.40219.1
Project("{FAE04EC0-301F-11D3-BF4B-00C04F79EFBC}") = "wayhome.MassRenamer", "wayhome.MassRenamer\wayhome.MassRenamer.csproj", "{4A07EE96-29E7-46BD-8039-2F7BEE5AFB0B}"
EndProject
Global
	GlobalSection(SolutionConfigurationPlatforms) = preSolution
		Debug|Any CPU = Debug|Any CPU
		Release|Any CPU = Release|Any CPU
	EndGlobalSection
	GlobalSection(ProjectConfigurationPlatforms) = postSolution
		{4A07EE96-29E7-46BD-8039-2F7BEE5AFB0B}.Debug|Any CPU.ActiveCfg = Debug|Any CPU
		{4A07EE96-29E7-46BD-8039-2F7BEE5AFB0B}.Debug|Any CPU.Build.0 = Debug|Any CPU
		{4A07EE96-29E7-46BD-8039-2F7BEE5AFB0B}.Release|Any CPU.ActiveCfg = Release|Any CPU
		{4A07EE96-29E7-46BD-8039-2F7BEE5AFB0B}.Release|Any CPU.Build.0 = Release|Any CPU
	EndGlobalSection
	GlobalSection(SolutionProperties) = preSolution
		HideSolutionNode = FALSE
	EndGlobalSection
	GlobalSection(ExtensibilityGlobals) = postSolution
		SolutionGuid = {E41979F5-8E0E-4035-893E-428F7053F948}
	EndGlobalSection
EndGlobal
